
Microsoft Visual Studio Solution File, Format Version 12.00
# Visual Studio Version 16
VisualStudioVersion = 16.0.31112.23
MinimumVisualStudioVersion = 10.0.40219.1
Project("{FAE04EC0-301F-11D3-BF4B-00C04F79EFBC}") = "LV.Buniness", "src\LV.Buniness\LV.Buniness.csproj", "{6EB626E5-E991-469A-8A90-6DE14DFF563D}"
EndProject
Project("{FAE04EC0-301F-11D3-BF4B-00C04F79EFBC}") = "LV.Infra", "src\LV.Infra\LV.Infra.csproj", "{14572068-4407-4D0D-83A8-C85BBFB56073}"
EndProject
Project("{FAE04EC0-301F-11D3-BF4B-00C04F79EFBC}") = "LV.AppMvc", "src\LV.AppMvc\LV.AppMvc\LV.AppMvc.csproj", "{6A0BB1F4-FA2C-47E3-9C31-CBA20836912C}"
EndProject
Global
	GlobalSection(SolutionConfigurationPlatforms) = preSolution
		Debug|Any CPU = Debug|Any CPU
		Release|Any CPU = Release|Any CPU
	EndGlobalSection
	GlobalSection(ProjectConfigurationPlatforms) = postSolution
		{6EB626E5-E991-469A-8A90-6DE14DFF563D}.Debug|Any CPU.ActiveCfg = Debug|Any CPU
		{6EB626E5-E991-469A-8A90-6DE14DFF563D}.Debug|Any CPU.Build.0 = Debug|Any CPU
		{6EB626E5-E991-469A-8A90-6DE14DFF563D}.Release|Any CPU.ActiveCfg = Release|Any CPU
		{6EB626E5-E991-469A-8A90-6DE14DFF563D}.Release|Any CPU.Build.0 = Release|Any CPU
		{14572068-4407-4D0D-83A8-C85BBFB56073}.Debug|Any CPU.ActiveCfg = Debug|Any CPU
		{14572068-4407-4D0D-83A8-C85BBFB56073}.Debug|Any CPU.Build.0 = Debug|Any CPU
		{14572068-4407-4D0D-83A8-C85BBFB56073}.Release|Any CPU.ActiveCfg = Release|Any CPU
		{14572068-4407-4D0D-83A8-C85BBFB56073}.Release|Any CPU.Build.0 = Release|Any CPU
		{6A0BB1F4-FA2C-47E3-9C31-CBA20836912C}.Debug|Any CPU.ActiveCfg = Debug|Any CPU
		{6A0BB1F4-FA2C-47E3-9C31-CBA20836912C}.Debug|Any CPU.Build.0 = Debug|Any CPU
		{6A0BB1F4-FA2C-47E3-9C31-CBA20836912C}.Release|Any CPU.ActiveCfg = Release|Any CPU
		{6A0BB1F4-FA2C-47E3-9C31-CBA20836912C}.Release|Any CPU.Build.0 = Release|Any CPU
	EndGlobalSection
	GlobalSection(SolutionProperties) = preSolution
		HideSolutionNode = FALSE
	EndGlobalSection
	GlobalSection(ExtensibilityGlobals) = postSolution
		SolutionGuid = {0C10F144-69F4-41FD-B7E4-AE303CE642DD}
	EndGlobalSection
EndGlobal
